lockfileVersion: '6.0'

settings:
  autoInstallPeers: true
  excludeLinksFromLockfile: false

devDependencies:
  prettier:
    specifier: ^3.0.3
    version: 3.0.3
  prettier-plugin-css-order:
    specifier: ^2.0.1
    version: 2.0.1(postcss@8.4.31)(prettier@3.0.3)

packages:

  /css-declaration-sorter@7.1.1(postcss@8.4.31):
    resolution: {integrity: sha512-dZ3bVTEEc1vxr3Bek9vGwfB5Z6ESPULhcRvO472mfjVnj8jRcTnKO8/JTczlvxM10Myb+wBM++1MtdO76eWcaQ==}
    engines: {node: ^14 || ^16 || >=18}
    peerDependencies:
      postcss: ^8.0.9
    dependencies:
      postcss: 8.4.31
    dev: true

  /nanoid@3.3.6:
    resolution: {integrity: sha512-BGcqMMJuToF7i1rt+2PWSNVnWIkGCU78jBG3RxO/bZlnZPK2Cmi2QaffxGO/2RvWi9sL+FAiRiXMgsyxQ1DIDA==}
    engines: {node: ^10 || ^12 || ^13.7 || ^14 || >=15.0.1}
    hasBin: true
    dev: true

  /picocolors@1.0.0:
    resolution: {integrity: sha512-1fygroTLlHu66zi26VoTDv8yRgm0Fccecssto+MhsZ0D/DGW2sm8E8AjW7NU5VVTRt5GxbeZ5qBuJr+HyLYkjQ==}
    dev: true

  /postcss-less@6.0.0(postcss@8.4.31):
    resolution: {integrity: sha512-FPX16mQLyEjLzEuuJtxA8X3ejDLNGGEG503d2YGZR5Ask1SpDN8KmZUMpzCvyalWRywAn1n1VOA5dcqfCLo5rg==}
    engines: {node: '>=12'}
    peerDependencies:
      postcss: ^8.3.5
    dependencies:
      postcss: 8.4.31
    dev: true

  /postcss-scss@4.0.9(postcss@8.4.31):
    resolution: {integrity: sha512-AjKOeiwAitL/MXxQW2DliT28EKukvvbEWx3LBmJIRN8KfBGZbRTxNYW0kSqi1COiTZ57nZ9NW06S6ux//N1c9A==}
    engines: {node: '>=12.0'}
    peerDependencies:
      postcss: ^8.4.29
    dependencies:
      postcss: 8.4.31
    dev: true

  /postcss@8.4.31:
    resolution: {integrity: sha512-PS08Iboia9mts/2ygV3eLpY5ghnUcfLV/EXTOW1E2qYxJKGGBUtNjN76FYHnMs36RmARn41bC0AZmn+rR0OVpQ==}
    engines: {node: ^10 || ^12 || >=14}
    dependencies:
      nanoid: 3.3.6
      picocolors: 1.0.0
      source-map-js: 1.0.2
    dev: true

  /prettier-plugin-css-order@2.0.1(postcss@8.4.31)(prettier@3.0.3):
    resolution: {integrity: sha512-Y+wZ0wI7/qFUritirJksQn13KqbcNC3OZXSxGh1ui/X39hAeMW9md+Mp7fjk8H4ZQQ8c5CTYZxShoBfAal/79A==}
    engines: {node: '>=16'}
    peerDependencies:
      prettier: 3.x
    dependencies:
      css-declaration-sorter: 7.1.1(postcss@8.4.31)
      postcss-less: 6.0.0(postcss@8.4.31)
      postcss-scss: 4.0.9(postcss@8.4.31)
      prettier: 3.0.3
    transitivePeerDependencies:
      - postcss
    dev: true

  /prettier@3.0.3:
    resolution: {integrity: sha512-L/4pUDMxcNa8R/EthV08Zt42WBO4h1rarVtK0K+QJG0X187OLo7l699jWw0GKuwzkPQ//jMFA/8Xm6Fh3J/DAg==}
    engines: {node: '>=14'}
    hasBin: true
    dev: true

  /source-map-js@1.0.2:
    resolution: {integrity: sha512-R0XvVJ9WusLiqTCEiGCmICCMplcCkIwwR11mOSD9CR5u+IXYdiseeEuXCVAjS54zqwkLcPNnmU4OeJ6tUrWhDw==}
    engines: {node: '>=0.10.0'}
    dev: true
